
Microsoft Visual Studio Solution File, Format Version 12.00
# Visual Studio Version 17
VisualStudioVersion = 17.0.31903.59
MinimumVisualStudioVersion = 10.0.40219.1
Project("{FAE04EC0-301F-11D3-BF4B-00C04F79EFBC}") = "Playground", "Playground\Playground.csproj", "{6A676B79-E7BC-411D-BCD1-A4E9BC00CBBD}"
EndProject
Project("{FAE04EC0-301F-11D3-BF4B-00C04F79EFBC}") = "TinlongLife.Domain", "TinlongLife.Domain\TinlongLife.Domain.csproj", "{9C9419E1-7623-4E97-969C-88BCF01ABEDF}"
EndProject
Project("{FAE04EC0-301F-11D3-BF4B-00C04F79EFBC}") = "TinlongLife.Data", "TinlongLife.Data\TinlongLife.Data.csproj", "{A8A68090-A8A5-4B19-90E8-4A805341E8D5}"
EndProject
Project("{FAE04EC0-301F-11D3-BF4B-00C04F79EFBC}") = "TinlongLife.AppHost", "TinlongLife.AppHost\TinlongLife.AppHost.csproj", "{1A501235-61ED-4FBA-98CA-0940374F778D}"
EndProject
Project("{FAE04EC0-301F-11D3-BF4B-00C04F79EFBC}") = "TinlongLife.ServiceDefaults", "TinlongLife.ServiceDefaults\TinlongLife.ServiceDefaults.csproj", "{F837147F-306B-4E1E-AEF0-F5B0E17B476A}"
EndProject
Project("{2150E333-8FDC-42A3-9474-1A3956D46DE8}") = "Solution Items", "Solution Items", "{0C75395C-AD33-47A3-B26D-3091B84B2C1A}"
	ProjectSection(SolutionItems) = preProject
		docker-compose.yml = docker-compose.yml
	EndProjectSection
EndProject
Project("{FAE04EC0-301F-11D3-BF4B-00C04F79EFBC}") = "PlaygroundHost", "PlaygroundHost\PlaygroundHost.csproj", "{74794C24-9A37-4F19-8CF9-FB98E4D9FC58}"
EndProject
Project("{FAE04EC0-301F-11D3-BF4B-00C04F79EFBC}") = "TinlongLife.Data.Migration", "TinlongLife.Data.Migration\TinlongLife.Data.Migration.csproj", "{490E012B-75F6-4787-8206-550430159AA3}"
EndProject
Global
	GlobalSection(SolutionConfigurationPlatforms) = preSolution
		Debug|Any CPU = Debug|Any CPU
		Release|Any CPU = Release|Any CPU
	EndGlobalSection
	GlobalSection(ProjectConfigurationPlatforms) = postSolution
		{6A676B79-E7BC-411D-BCD1-A4E9BC00CBBD}.Debug|Any CPU.ActiveCfg = Debug|Any CPU
		{6A676B79-E7BC-411D-BCD1-A4E9BC00CBBD}.Debug|Any CPU.Build.0 = Debug|Any CPU
		{6A676B79-E7BC-411D-BCD1-A4E9BC00CBBD}.Release|Any CPU.ActiveCfg = Release|Any CPU
		{6A676B79-E7BC-411D-BCD1-A4E9BC00CBBD}.Release|Any CPU.Build.0 = Release|Any CPU
		{9C9419E1-7623-4E97-969C-88BCF01ABEDF}.Debug|Any CPU.ActiveCfg = Debug|Any CPU
		{9C9419E1-7623-4E97-969C-88BCF01ABEDF}.Debug|Any CPU.Build.0 = Debug|Any CPU
		{9C9419E1-7623-4E97-969C-88BCF01ABEDF}.Release|Any CPU.ActiveCfg = Release|Any CPU
		{9C9419E1-7623-4E97-969C-88BCF01ABEDF}.Release|Any CPU.Build.0 = Release|Any CPU
		{A8A68090-A8A5-4B19-90E8-4A805341E8D5}.Debug|Any CPU.ActiveCfg = Debug|Any CPU
		{A8A68090-A8A5-4B19-90E8-4A805341E8D5}.Debug|Any CPU.Build.0 = Debug|Any CPU
		{A8A68090-A8A5-4B19-90E8-4A805341E8D5}.Release|Any CPU.ActiveCfg = Release|Any CPU
		{A8A68090-A8A5-4B19-90E8-4A805341E8D5}.Release|Any CPU.Build.0 = Release|Any CPU
		{1A501235-61ED-4FBA-98CA-0940374F778D}.Debug|Any CPU.ActiveCfg = Debug|Any CPU
		{1A501235-61ED-4FBA-98CA-0940374F778D}.Debug|Any CPU.Build.0 = Debug|Any CPU
		{1A501235-61ED-4FBA-98CA-0940374F778D}.Release|Any CPU.ActiveCfg = Release|Any CPU
		{1A501235-61ED-4FBA-98CA-0940374F778D}.Release|Any CPU.Build.0 = Release|Any CPU
		{F837147F-306B-4E1E-AEF0-F5B0E17B476A}.Debug|Any CPU.ActiveCfg = Debug|Any CPU
		{F837147F-306B-4E1E-AEF0-F5B0E17B476A}.Debug|Any CPU.Build.0 = Debug|Any CPU
		{F837147F-306B-4E1E-AEF0-F5B0E17B476A}.Release|Any CPU.ActiveCfg = Release|Any CPU
		{F837147F-306B-4E1E-AEF0-F5B0E17B476A}.Release|Any CPU.Build.0 = Release|Any CPU
		{74794C24-9A37-4F19-8CF9-FB98E4D9FC58}.Debug|Any CPU.ActiveCfg = Debug|Any CPU
		{74794C24-9A37-4F19-8CF9-FB98E4D9FC58}.Debug|Any CPU.Build.0 = Debug|Any CPU
		{74794C24-9A37-4F19-8CF9-FB98E4D9FC58}.Release|Any CPU.ActiveCfg = Release|Any CPU
		{74794C24-9A37-4F19-8CF9-FB98E4D9FC58}.Release|Any CPU.Build.0 = Release|Any CPU
		{490E012B-75F6-4787-8206-550430159AA3}.Debug|Any CPU.ActiveCfg = Debug|Any CPU
		{490E012B-75F6-4787-8206-550430159AA3}.Debug|Any CPU.Build.0 = Debug|Any CPU
		{490E012B-75F6-4787-8206-550430159AA3}.Release|Any CPU.ActiveCfg = Release|Any CPU
		{490E012B-75F6-4787-8206-550430159AA3}.Release|Any CPU.Build.0 = Release|Any CPU
	EndGlobalSection
	GlobalSection(SolutionProperties) = preSolution
		HideSolutionNode = FALSE
	EndGlobalSection
EndGlobal
